
Microsoft Visual Studio Solution File, Format Version 12.00
# Visual Studio 15
VisualStudioVersion = 15.0.27703.2042
MinimumVisualStudioVersion = 10.0.40219.1
Project("{FAE04EC0-301F-11D3-BF4B-00C04F79EFBC}") = "bank account", "bank account\bank account.csproj", "{DF6A04F9-BCF5-4E48-A377-B371467CC9E2}"
EndProject
Global
	GlobalSection(SolutionConfigurationPlatforms) = preSolution
		Debug|Any CPU = Debug|Any CPU
		Release|Any CPU = Release|Any CPU
	EndGlobalSection
	GlobalSection(ProjectConfigurationPlatforms) = postSolution
		{DF6A04F9-BCF5-4E48-A377-B371467CC9E2}.Debug|Any CPU.ActiveCfg = Debug|Any CPU
		{DF6A04F9-BCF5-4E48-A377-B371467CC9E2}.Debug|Any CPU.Build.0 = Debug|Any CPU
		{DF6A04F9-BCF5-4E48-A377-B371467CC9E2}.Release|Any CPU.ActiveCfg = Release|Any CPU
		{DF6A04F9-BCF5-4E48-A377-B371467CC9E2}.Release|Any CPU.Build.0 = Release|Any CPU
	EndGlobalSection
	GlobalSection(SolutionProperties) = preSolution
		HideSolutionNode = FALSE
	EndGlobalSection
	GlobalSection(ExtensibilityGlobals) = postSolution
		SolutionGuid = {CB49A138-5B8C-475C-9EAF-A66175235F1B}
	EndGlobalSection
EndGlobal
